
Microsoft Visual Studio Solution File, Format Version 12.00
# Visual Studio 15
VisualStudioVersion = 15.0.26730.12
MinimumVisualStudioVersion = 10.0.40219.1
Project("{FAE04EC0-301F-11D3-BF4B-00C04F79EFBC}") = "Westwind.Data", "Westwind.Data\Westwind.Data.csproj", "{1618C87C-1C5B-4E50-BB14-F6663FE4C0B6}"
EndProject
Project("{2150E333-8FDC-42A3-9474-1A3956D46DE8}") = "Tests", "Tests", "{90FB62AD-E28A-460D-AB4B-38F39F51ADC0}"
EndProject
Project("{FAE04EC0-301F-11D3-BF4B-00C04F79EFBC}") = "Westwind.Web.Mvc", "Westwind.Web.Mvc\Westwind.Web.Mvc.csproj", "{809985C1-9458-496F-ABC5-FC71140BE4A5}"
EndProject
Project("{2150E333-8FDC-42A3-9474-1A3956D46DE8}") = "Documents", "Documents", "{249FED4B-16EC-4AA1-9833-78817B104241}"
	ProjectSection(SolutionItems) = preProject
		Samples\AlbumViewer\AlbumViewerApiRequests.websurge = Samples\AlbumViewer\AlbumViewerApiRequests.websurge
		Changelog.md = Changelog.md
		Readme.md = Readme.md
	EndProjectSection
EndProject
Project("{FAE04EC0-301F-11D3-BF4B-00C04F79EFBC}") = "Westwind.Web", "Westwind.Web\Westwind.Web.csproj", "{0C38B4E1-0C87-4289-A57B-87C1B5BE3BBE}"
EndProject
Project("{FAE04EC0-301F-11D3-BF4B-00C04F79EFBC}") = "Westwind.Data.Test", "Tests\Westwind.Data.Test\Westwind.Data.Test\Westwind.Data.Test.csproj", "{B2976716-5F1C-45EA-A92E-8D96FF98EA58}"
EndProject
Project("{FAE04EC0-301F-11D3-BF4B-00C04F79EFBC}") = "Westwind.Web.WebForms", "Westwind.Web.WebForms\Westwind.Web.WebForms.csproj", "{5A3E1AE8-AB14-4BBE-90C6-595C484E2A62}"
EndProject
Project("{2150E333-8FDC-42A3-9474-1A3956D46DE8}") = "Samples", "Samples", "{C15BC2AE-D993-4E5E-AF9A-10566AE241E9}"
EndProject
Project("{FAE04EC0-301F-11D3-BF4B-00C04F79EFBC}") = "WestwindToolkitMvcWeb", "Samples\WestwindToolkitMvcWeb\WestwindToolkitMvcWeb.csproj", "{1C868009-3FF3-4195-A909-2035FE670675}"
EndProject
Project("{FAE04EC0-301F-11D3-BF4B-00C04F79EFBC}") = "Westwind.Web.WebApi", "Westwind.Web.WebApi\Westwind.Web.WebApi.csproj", "{D1431264-23EF-4AAC-B57A-CA68A7C26396}"
EndProject
Project("{FAE04EC0-301F-11D3-BF4B-00C04F79EFBC}") = "Westwind.Web.Test", "Westwind.Web.Test\Westwind.Web.Test.csproj", "{E7062F1F-B1A0-47CA-A0A0-B93A2F44147D}"
EndProject
Project("{FAE04EC0-301F-11D3-BF4B-00C04F79EFBC}") = "Westwind.Web.Mvc.Test", "Westwind.Web.Mvc.Test\Westwind.Web.Mvc.Test.csproj", "{A4C1B460-7E42-41C6-AB01-B98D7B698860}"
EndProject
Project("{FAE04EC0-301F-11D3-BF4B-00C04F79EFBC}") = "Westwind.Data.MongoDb", "Westwind.Data.MongoDb\Westwind.Data.MongoDb.csproj", "{0CE58260-3B66-480C-8394-35BA649F77D6}"
EndProject
Project("{FAE04EC0-301F-11D3-BF4B-00C04F79EFBC}") = "WestWind.Data.Models", "WestWind.Data.Models\WestWind.Data.Models.csproj", "{C5E78920-D93A-49C2-884E-39611DD5B660}"
EndProject
Project("{2150E333-8FDC-42A3-9474-1A3956D46DE8}") = "AlbumViewer", "AlbumViewer", "{52041932-F77A-4767-9A9F-A5A141F9CFA5}"
EndProject
Project("{FAE04EC0-301F-11D3-BF4B-00C04F79EFBC}") = "AlbumViewerBusiness", "Samples\AlbumViewer\AlbumViewerBusiness\AlbumViewerBusiness.csproj", "{8947A85E-2EA3-48DA-AF3D-5D67EEAA7FBF}"
EndProject
Project("{FAE04EC0-301F-11D3-BF4B-00C04F79EFBC}") = "AlbumViewerAngular", "Samples\AlbumViewer\AlbumViewerAngular\AlbumViewerAngular.csproj", "{5EB211B9-12C1-4384-AD16-0BB46F2E67F5}"
EndProject
Project("{FAE04EC0-301F-11D3-BF4B-00C04F79EFBC}") = "AlbumViewerTests", "Samples\AlbumViewer\AlbumViewerTests\AlbumViewerTests.csproj", "{19134C82-32D7-4C4C-81F7-345EFFDA33F2}"
EndProject
Global
	GlobalSection(SolutionConfigurationPlatforms) = preSolution
		Debug|Any CPU = Debug|Any CPU
		Deploy|Any CPU = Deploy|Any CPU
		net40|Any CPU = net40|Any CPU
		Release|Any CPU = Release|Any CPU
		SandBox|Any CPU = SandBox|Any CPU
	EndGlobalSection
	GlobalSection(ProjectConfigurationPlatforms) = postSolution
		{1618C87C-1C5B-4E50-BB14-F6663FE4C0B6}.Debug|Any CPU.ActiveCfg = Debug|Any CPU
		{1618C87C-1C5B-4E50-BB14-F6663FE4C0B6}.Debug|Any CPU.Build.0 = Debug|Any CPU
		{1618C87C-1C5B-4E50-BB14-F6663FE4C0B6}.Deploy|Any CPU.ActiveCfg = Deploy|Any CPU
		{1618C87C-1C5B-4E50-BB14-F6663FE4C0B6}.Deploy|Any CPU.Build.0 = Deploy|Any CPU
		{1618C87C-1C5B-4E50-BB14-F6663FE4C0B6}.net40|Any CPU.ActiveCfg = net40|Any CPU
		{1618C87C-1C5B-4E50-BB14-F6663FE4C0B6}.net40|Any CPU.Build.0 = net40|Any CPU
		{1618C87C-1C5B-4E50-BB14-F6663FE4C0B6}.Release|Any CPU.ActiveCfg = Release|Any CPU
		{1618C87C-1C5B-4E50-BB14-F6663FE4C0B6}.Release|Any CPU.Build.0 = Release|Any CPU
		{1618C87C-1C5B-4E50-BB14-F6663FE4C0B6}.SandBox|Any CPU.ActiveCfg = Deploy|Any CPU
		{1618C87C-1C5B-4E50-BB14-F6663FE4C0B6}.SandBox|Any CPU.Build.0 = Deploy|Any CPU
		{809985C1-9458-496F-ABC5-FC71140BE4A5}.Debug|Any CPU.ActiveCfg = Debug|Any CPU
		{809985C1-9458-496F-ABC5-FC71140BE4A5}.Debug|Any CPU.Build.0 = Debug|Any CPU
		{809985C1-9458-496F-ABC5-FC71140BE4A5}.Deploy|Any CPU.ActiveCfg = Debug|Any CPU
		{809985C1-9458-496F-ABC5-FC71140BE4A5}.Deploy|Any CPU.Build.0 = Debug|Any CPU
		{809985C1-9458-496F-ABC5-FC71140BE4A5}.net40|Any CPU.ActiveCfg = net40|Any CPU
		{809985C1-9458-496F-ABC5-FC71140BE4A5}.net40|Any CPU.Build.0 = net40|Any CPU
		{809985C1-9458-496F-ABC5-FC71140BE4A5}.Release|Any CPU.ActiveCfg = Release|Any CPU
		{809985C1-9458-496F-ABC5-FC71140BE4A5}.Release|Any CPU.Build.0 = Release|Any CPU
		{809985C1-9458-496F-ABC5-FC71140BE4A5}.SandBox|Any CPU.ActiveCfg = Release|Any CPU
		{809985C1-9458-496F-ABC5-FC71140BE4A5}.SandBox|Any CPU.Build.0 = Release|Any CPU
		{0C38B4E1-0C87-4289-A57B-87C1B5BE3BBE}.Debug|Any CPU.ActiveCfg = Debug|Any CPU
		{0C38B4E1-0C87-4289-A57B-87C1B5BE3BBE}.Debug|Any CPU.Build.0 = Debug|Any CPU
		{0C38B4E1-0C87-4289-A57B-87C1B5BE3BBE}.Deploy|Any CPU.ActiveCfg = Deploy|Any CPU
		{0C38B4E1-0C87-4289-A57B-87C1B5BE3BBE}.Deploy|Any CPU.Build.0 = Deploy|Any CPU
		{0C38B4E1-0C87-4289-A57B-87C1B5BE3BBE}.net40|Any CPU.ActiveCfg = net40|Any CPU
		{0C38B4E1-0C87-4289-A57B-87C1B5BE3BBE}.net40|Any CPU.Build.0 = net40|Any CPU
		{0C38B4E1-0C87-4289-A57B-87C1B5BE3BBE}.Release|Any CPU.ActiveCfg = Release|Any CPU
		{0C38B4E1-0C87-4289-A57B-87C1B5BE3BBE}.Release|Any CPU.Build.0 = Release|Any CPU
		{0C38B4E1-0C87-4289-A57B-87C1B5BE3BBE}.SandBox|Any CPU.ActiveCfg = SandBox|Any CPU
		{0C38B4E1-0C87-4289-A57B-87C1B5BE3BBE}.SandBox|Any CPU.Build.0 = SandBox|Any CPU
		{B2976716-5F1C-45EA-A92E-8D96FF98EA58}.Debug|Any CPU.ActiveCfg = Debug|Any CPU
		{B2976716-5F1C-45EA-A92E-8D96FF98EA58}.Debug|Any CPU.Build.0 = Debug|Any CPU
		{B2976716-5F1C-45EA-A92E-8D96FF98EA58}.Deploy|Any CPU.ActiveCfg = Debug|Any CPU
		{B2976716-5F1C-45EA-A92E-8D96FF98EA58}.Deploy|Any CPU.Build.0 = Debug|Any CPU
		{B2976716-5F1C-45EA-A92E-8D96FF98EA58}.net40|Any CPU.ActiveCfg = net40|Any CPU
		{B2976716-5F1C-45EA-A92E-8D96FF98EA58}.net40|Any CPU.Build.0 = net40|Any CPU
		{B2976716-5F1C-45EA-A92E-8D96FF98EA58}.Release|Any CPU.ActiveCfg = Release|Any CPU
		{B2976716-5F1C-45EA-A92E-8D96FF98EA58}.Release|Any CPU.Build.0 = Release|Any CPU
		{B2976716-5F1C-45EA-A92E-8D96FF98EA58}.SandBox|Any CPU.ActiveCfg = Release|Any CPU
		{B2976716-5F1C-45EA-A92E-8D96FF98EA58}.SandBox|Any CPU.Build.0 = Release|Any CPU
		{5A3E1AE8-AB14-4BBE-90C6-595C484E2A62}.Debug|Any CPU.ActiveCfg = Debug|Any CPU
		{5A3E1AE8-AB14-4BBE-90C6-595C484E2A62}.Debug|Any CPU.Build.0 = Debug|Any CPU
		{5A3E1AE8-AB14-4BBE-90C6-595C484E2A62}.Deploy|Any CPU.ActiveCfg = Debug|Any CPU
		{5A3E1AE8-AB14-4BBE-90C6-595C484E2A62}.Deploy|Any CPU.Build.0 = Debug|Any CPU
		{5A3E1AE8-AB14-4BBE-90C6-595C484E2A62}.net40|Any CPU.ActiveCfg = net40|Any CPU
		{5A3E1AE8-AB14-4BBE-90C6-595C484E2A62}.net40|Any CPU.Build.0 = net40|Any CPU
		{5A3E1AE8-AB14-4BBE-90C6-595C484E2A62}.Release|Any CPU.ActiveCfg = Release|Any CPU
		{5A3E1AE8-AB14-4BBE-90C6-595C484E2A62}.Release|Any CPU.Build.0 = Release|Any CPU
		{5A3E1AE8-AB14-4BBE-90C6-595C484E2A62}.SandBox|Any CPU.ActiveCfg = SandBox|Any CPU
		{5A3E1AE8-AB14-4BBE-90C6-595C484E2A62}.SandBox|Any CPU.Build.0 = SandBox|Any CPU
		{1C868009-3FF3-4195-A909-2035FE670675}.Debug|Any CPU.ActiveCfg = Debug|Any CPU
		{1C868009-3FF3-4195-A909-2035FE670675}.Debug|Any CPU.Build.0 = Debug|Any CPU
		{1C868009-3FF3-4195-A909-2035FE670675}.Deploy|Any CPU.ActiveCfg = Debug|Any CPU
		{1C868009-3FF3-4195-A909-2035FE670675}.Deploy|Any CPU.Build.0 = Debug|Any CPU
		{1C868009-3FF3-4195-A909-2035FE670675}.net40|Any CPU.ActiveCfg = net40|Any CPU
		{1C868009-3FF3-4195-A909-2035FE670675}.net40|Any CPU.Build.0 = net40|Any CPU
		{1C868009-3FF3-4195-A909-2035FE670675}.Release|Any CPU.ActiveCfg = Release|Any CPU
		{1C868009-3FF3-4195-A909-2035FE670675}.Release|Any CPU.Build.0 = Release|Any CPU
		{1C868009-3FF3-4195-A909-2035FE670675}.SandBox|Any CPU.ActiveCfg = Release|Any CPU
		{1C868009-3FF3-4195-A909-2035FE670675}.SandBox|Any CPU.Build.0 = Release|Any CPU
		{D1431264-23EF-4AAC-B57A-CA68A7C26396}.Debug|Any CPU.ActiveCfg = Debug|Any CPU
		{D1431264-23EF-4AAC-B57A-CA68A7C26396}.Debug|Any CPU.Build.0 = Debug|Any CPU
		{D1431264-23EF-4AAC-B57A-CA68A7C26396}.Deploy|Any CPU.ActiveCfg = Deploy|Any CPU
		{D1431264-23EF-4AAC-B57A-CA68A7C26396}.Deploy|Any CPU.Build.0 = Deploy|Any CPU
		{D1431264-23EF-4AAC-B57A-CA68A7C26396}.net40|Any CPU.ActiveCfg = net40|Any CPU
		{D1431264-23EF-4AAC-B57A-CA68A7C26396}.net40|Any CPU.Build.0 = net40|Any CPU
		{D1431264-23EF-4AAC-B57A-CA68A7C26396}.Release|Any CPU.ActiveCfg = Release|Any CPU
		{D1431264-23EF-4AAC-B57A-CA68A7C26396}.Release|Any CPU.Build.0 = Release|Any CPU
		{D1431264-23EF-4AAC-B57A-CA68A7C26396}.SandBox|Any CPU.ActiveCfg = Deploy|Any CPU
		{D1431264-23EF-4AAC-B57A-CA68A7C26396}.SandBox|Any CPU.Build.0 = Deploy|Any CPU
		{E7062F1F-B1A0-47CA-A0A0-B93A2F44147D}.Debug|Any CPU.ActiveCfg = Debug|Any CPU
		{E7062F1F-B1A0-47CA-A0A0-B93A2F44147D}.Debug|Any CPU.Build.0 = Debug|Any CPU
		{E7062F1F-B1A0-47CA-A0A0-B93A2F44147D}.Deploy|Any CPU.ActiveCfg = Debug|Any CPU
		{E7062F1F-B1A0-47CA-A0A0-B93A2F44147D}.Deploy|Any CPU.Build.0 = Debug|Any CPU
		{E7062F1F-B1A0-47CA-A0A0-B93A2F44147D}.net40|Any CPU.ActiveCfg = net40|Any CPU
		{E7062F1F-B1A0-47CA-A0A0-B93A2F44147D}.net40|Any CPU.Build.0 = net40|Any CPU
		{E7062F1F-B1A0-47CA-A0A0-B93A2F44147D}.Release|Any CPU.ActiveCfg = Release|Any CPU
		{E7062F1F-B1A0-47CA-A0A0-B93A2F44147D}.Release|Any CPU.Build.0 = Release|Any CPU
		{E7062F1F-B1A0-47CA-A0A0-B93A2F44147D}.SandBox|Any CPU.ActiveCfg = Release|Any CPU
		{E7062F1F-B1A0-47CA-A0A0-B93A2F44147D}.SandBox|Any CPU.Build.0 = Release|Any CPU
		{A4C1B460-7E42-41C6-AB01-B98D7B698860}.Debug|Any CPU.ActiveCfg = Debug|Any CPU
		{A4C1B460-7E42-41C6-AB01-B98D7B698860}.Debug|Any CPU.Build.0 = Debug|Any CPU
		{A4C1B460-7E42-41C6-AB01-B98D7B698860}.Deploy|Any CPU.ActiveCfg = Debug|Any CPU
		{A4C1B460-7E42-41C6-AB01-B98D7B698860}.Deploy|Any CPU.Build.0 = Debug|Any CPU
		{A4C1B460-7E42-41C6-AB01-B98D7B698860}.net40|Any CPU.ActiveCfg = net40|Any CPU
		{A4C1B460-7E42-41C6-AB01-B98D7B698860}.net40|Any CPU.Build.0 = net40|Any CPU
		{A4C1B460-7E42-41C6-AB01-B98D7B698860}.Release|Any CPU.ActiveCfg = Release|Any CPU
		{A4C1B460-7E42-41C6-AB01-B98D7B698860}.Release|Any CPU.Build.0 = Release|Any CPU
		{A4C1B460-7E42-41C6-AB01-B98D7B698860}.SandBox|Any CPU.ActiveCfg = Release|Any CPU
		{A4C1B460-7E42-41C6-AB01-B98D7B698860}.SandBox|Any CPU.Build.0 = Release|Any CPU
		{0CE58260-3B66-480C-8394-35BA649F77D6}.Debug|Any CPU.ActiveCfg = Debug|Any CPU
		{0CE58260-3B66-480C-8394-35BA649F77D6}.Debug|Any CPU.Build.0 = Debug|Any CPU
		{0CE58260-3B66-480C-8394-35BA649F77D6}.Deploy|Any CPU.ActiveCfg = Debug|Any CPU
		{0CE58260-3B66-480C-8394-35BA649F77D6}.Deploy|Any CPU.Build.0 = Debug|Any CPU
		{0CE58260-3B66-480C-8394-35BA649F77D6}.net40|Any CPU.ActiveCfg = net40|Any CPU
		{0CE58260-3B66-480C-8394-35BA649F77D6}.net40|Any CPU.Build.0 = net40|Any CPU
		{0CE58260-3B66-480C-8394-35BA649F77D6}.Release|Any CPU.ActiveCfg = Release|Any CPU
		{0CE58260-3B66-480C-8394-35BA649F77D6}.Release|Any CPU.Build.0 = Release|Any CPU
		{0CE58260-3B66-480C-8394-35BA649F77D6}.SandBox|Any CPU.ActiveCfg = Release|Any CPU
		{0CE58260-3B66-480C-8394-35BA649F77D6}.SandBox|Any CPU.Build.0 = Release|Any CPU
		{C5E78920-D93A-49C2-884E-39611DD5B660}.Debug|Any CPU.ActiveCfg = Debug|Any CPU
		{C5E78920-D93A-49C2-884E-39611DD5B660}.Debug|Any CPU.Build.0 = Debug|Any CPU
		{C5E78920-D93A-49C2-884E-39611DD5B660}.Deploy|Any CPU.ActiveCfg = Debug|Any CPU
		{C5E78920-D93A-49C2-884E-39611DD5B660}.Deploy|Any CPU.Build.0 = Debug|Any CPU
		{C5E78920-D93A-49C2-884E-39611DD5B660}.net40|Any CPU.ActiveCfg = net40|Any CPU
		{C5E78920-D93A-49C2-884E-39611DD5B660}.net40|Any CPU.Build.0 = net40|Any CPU
		{C5E78920-D93A-49C2-884E-39611DD5B660}.Release|Any CPU.ActiveCfg = Release|Any CPU
		{C5E78920-D93A-49C2-884E-39611DD5B660}.Release|Any CPU.Build.0 = Release|Any CPU
		{C5E78920-D93A-49C2-884E-39611DD5B660}.SandBox|Any CPU.ActiveCfg = Release|Any CPU
		{C5E78920-D93A-49C2-884E-39611DD5B660}.SandBox|Any CPU.Build.0 = Release|Any CPU
		{8947A85E-2EA3-48DA-AF3D-5D67EEAA7FBF}.Debug|Any CPU.ActiveCfg = Debug|Any CPU
		{8947A85E-2EA3-48DA-AF3D-5D67EEAA7FBF}.Debug|Any CPU.Build.0 = Debug|Any CPU
		{8947A85E-2EA3-48DA-AF3D-5D67EEAA7FBF}.Deploy|Any CPU.ActiveCfg = Debug|Any CPU
		{8947A85E-2EA3-48DA-AF3D-5D67EEAA7FBF}.Deploy|Any CPU.Build.0 = Debug|Any CPU
		{8947A85E-2EA3-48DA-AF3D-5D67EEAA7FBF}.net40|Any CPU.ActiveCfg = Release|Any CPU
		{8947A85E-2EA3-48DA-AF3D-5D67EEAA7FBF}.net40|Any CPU.Build.0 = Release|Any CPU
		{8947A85E-2EA3-48DA-AF3D-5D67EEAA7FBF}.Release|Any CPU.ActiveCfg = Release|Any CPU
		{8947A85E-2EA3-48DA-AF3D-5D67EEAA7FBF}.Release|Any CPU.Build.0 = Release|Any CPU
		{8947A85E-2EA3-48DA-AF3D-5D67EEAA7FBF}.SandBox|Any CPU.ActiveCfg = Release|Any CPU
		{8947A85E-2EA3-48DA-AF3D-5D67EEAA7FBF}.SandBox|Any CPU.Build.0 = Release|Any CPU
		{5EB211B9-12C1-4384-AD16-0BB46F2E67F5}.Debug|Any CPU.ActiveCfg = Debug|Any CPU
		{5EB211B9-12C1-4384-AD16-0BB46F2E67F5}.Debug|Any CPU.Build.0 = Debug|Any CPU
		{5EB211B9-12C1-4384-AD16-0BB46F2E67F5}.Deploy|Any CPU.ActiveCfg = Debug|Any CPU
		{5EB211B9-12C1-4384-AD16-0BB46F2E67F5}.Deploy|Any CPU.Build.0 = Debug|Any CPU
		{5EB211B9-12C1-4384-AD16-0BB46F2E67F5}.net40|Any CPU.ActiveCfg = Release|Any CPU
		{5EB211B9-12C1-4384-AD16-0BB46F2E67F5}.net40|Any CPU.Build.0 = Release|Any CPU
		{5EB211B9-12C1-4384-AD16-0BB46F2E67F5}.Release|Any CPU.ActiveCfg = Release|Any CPU
		{5EB211B9-12C1-4384-AD16-0BB46F2E67F5}.Release|Any CPU.Build.0 = Release|Any CPU
		{5EB211B9-12C1-4384-AD16-0BB46F2E67F5}.SandBox|Any CPU.ActiveCfg = Release|Any CPU
		{5EB211B9-12C1-4384-AD16-0BB46F2E67F5}.SandBox|Any CPU.Build.0 = Release|Any CPU
		{19134C82-32D7-4C4C-81F7-345EFFDA33F2}.Debug|Any CPU.ActiveCfg = Debug|Any CPU
		{19134C82-32D7-4C4C-81F7-345EFFDA33F2}.Debug|Any CPU.Build.0 = Debug|Any CPU
		{19134C82-32D7-4C4C-81F7-345EFFDA33F2}.Deploy|Any CPU.ActiveCfg = Debug|Any CPU
		{19134C82-32D7-4C4C-81F7-345EFFDA33F2}.Deploy|Any CPU.Build.0 = Debug|Any CPU
		{19134C82-32D7-4C4C-81F7-345EFFDA33F2}.net40|Any CPU.ActiveCfg = Release|Any CPU
		{19134C82-32D7-4C4C-81F7-345EFFDA33F2}.net40|Any CPU.Build.0 = Release|Any CPU
		{19134C82-32D7-4C4C-81F7-345EFFDA33F2}.Release|Any CPU.ActiveCfg = Release|Any CPU
		{19134C82-32D7-4C4C-81F7-345EFFDA33F2}.Release|Any CPU.Build.0 = Release|Any CPU
		{19134C82-32D7-4C4C-81F7-345EFFDA33F2}.SandBox|Any CPU.ActiveCfg = Release|Any CPU
		{19134C82-32D7-4C4C-81F7-345EFFDA33F2}.SandBox|Any CPU.Build.0 = Release|Any CPU
	EndGlobalSection
	GlobalSection(SolutionProperties) = preSolution
		HideSolutionNode = FALSE
	EndGlobalSection
	GlobalSection(NestedProjects) = preSolution
		{B2976716-5F1C-45EA-A92E-8D96FF98EA58} = {90FB62AD-E28A-460D-AB4B-38F39F51ADC0}
		{1C868009-3FF3-4195-A909-2035FE670675} = {C15BC2AE-D993-4E5E-AF9A-10566AE241E9}
		{E7062F1F-B1A0-47CA-A0A0-B93A2F44147D} = {90FB62AD-E28A-460D-AB4B-38F39F51ADC0}
		{A4C1B460-7E42-41C6-AB01-B98D7B698860} = {90FB62AD-E28A-460D-AB4B-38F39F51ADC0}
		{C5E78920-D93A-49C2-884E-39611DD5B660} = {90FB62AD-E28A-460D-AB4B-38F39F51ADC0}
		{52041932-F77A-4767-9A9F-A5A141F9CFA5} = {C15BC2AE-D993-4E5E-AF9A-10566AE241E9}
		{8947A85E-2EA3-48DA-AF3D-5D67EEAA7FBF} = {52041932-F77A-4767-9A9F-A5A141F9CFA5}
		{5EB211B9-12C1-4384-AD16-0BB46F2E67F5} = {52041932-F77A-4767-9A9F-A5A141F9CFA5}
		{19134C82-32D7-4C4C-81F7-345EFFDA33F2} = {52041932-F77A-4767-9A9F-A5A141F9CFA5}
	EndGlobalSection
	GlobalSection(ExtensibilityGlobals) = postSolution
		SolutionGuid = {FED50A72-AABF-4BF0-A96D-25DA1B09F6AB}
	EndGlobalSection
EndGlobal
